
Microsoft Visual Studio Solution File, Format Version 12.00
# Visual Studio Version 17
VisualStudioVersion = 17.11.35431.28
MinimumVisualStudioVersion = 10.0.40219.1
Project("{9A19103F-16F7-4668-BE54-9A1E7A4F7556}") = "ScrubJay.Core", "src\ScrubJay.Core.csproj", "{66B1B906-AE63-4950-8F6F-A5EE6727278E}"
EndProject
Project("{9A19103F-16F7-4668-BE54-9A1E7A4F7556}") = "ScrubJay.Core.Tests", "tests\ScrubJay.Core.Tests.csproj", "{803A6D49-7772-43E9-99CF-2EE0DB4E0A21}"
EndProject
Project("{9A19103F-16F7-4668-BE54-9A1E7A4F7556}") = "Benchmarks", "Benchmarks\Benchmarks.csproj", "{D57357E2-7EA6-4284-BED0-8C8BCF979119}"
EndProject
Project("{9A19103F-16F7-4668-BE54-9A1E7A4F7556}") = "Scratch", "Scratch\Scratch.csproj", "{6B04CA5A-5D14-4AB5-B414-9299B8331EB3}"
EndProject
Project("{2150E333-8FDC-42A3-9474-1A3956D46DE8}") = "Solution Items", "Solution Items", "{8B814C60-09D2-4DB3-9590-F7CC59F4D6B6}"
	ProjectSection(SolutionItems) = preProject
		.editorconfig = .editorconfig
	EndProjectSection
EndProject
Global
	GlobalSection(SolutionConfigurationPlatforms) = preSolution
		Debug|Any CPU = Debug|Any CPU
		Release|Any CPU = Release|Any CPU
	EndGlobalSection
	GlobalSection(ProjectConfigurationPlatforms) = postSolution
		{66B1B906-AE63-4950-8F6F-A5EE6727278E}.Debug|Any CPU.ActiveCfg = Debug|Any CPU
		{66B1B906-AE63-4950-8F6F-A5EE6727278E}.Debug|Any CPU.Build.0 = Debug|Any CPU
		{66B1B906-AE63-4950-8F6F-A5EE6727278E}.Release|Any CPU.ActiveCfg = Release|Any CPU
		{66B1B906-AE63-4950-8F6F-A5EE6727278E}.Release|Any CPU.Build.0 = Release|Any CPU
		{803A6D49-7772-43E9-99CF-2EE0DB4E0A21}.Debug|Any CPU.ActiveCfg = Debug|Any CPU
		{803A6D49-7772-43E9-99CF-2EE0DB4E0A21}.Debug|Any CPU.Build.0 = Debug|Any CPU
		{803A6D49-7772-43E9-99CF-2EE0DB4E0A21}.Release|Any CPU.ActiveCfg = Release|Any CPU
		{803A6D49-7772-43E9-99CF-2EE0DB4E0A21}.Release|Any CPU.Build.0 = Release|Any CPU
		{D57357E2-7EA6-4284-BED0-8C8BCF979119}.Debug|Any CPU.ActiveCfg = Debug|Any CPU
		{D57357E2-7EA6-4284-BED0-8C8BCF979119}.Debug|Any CPU.Build.0 = Debug|Any CPU
		{D57357E2-7EA6-4284-BED0-8C8BCF979119}.Release|Any CPU.ActiveCfg = Release|Any CPU
		{D57357E2-7EA6-4284-BED0-8C8BCF979119}.Release|Any CPU.Build.0 = Release|Any CPU
		{6B04CA5A-5D14-4AB5-B414-9299B8331EB3}.Debug|Any CPU.ActiveCfg = Debug|Any CPU
		{6B04CA5A-5D14-4AB5-B414-9299B8331EB3}.Debug|Any CPU.Build.0 = Debug|Any CPU
		{6B04CA5A-5D14-4AB5-B414-9299B8331EB3}.Release|Any CPU.ActiveCfg = Release|Any CPU
		{6B04CA5A-5D14-4AB5-B414-9299B8331EB3}.Release|Any CPU.Build.0 = Release|Any CPU
	EndGlobalSection
	GlobalSection(SolutionProperties) = preSolution
		HideSolutionNode = FALSE
	EndGlobalSection
EndGlobal
