
Microsoft Visual Studio Solution File, Format Version 12.00
# Visual Studio Version 17
VisualStudioVersion = 17.11.35431.28
MinimumVisualStudioVersion = 10.0.40219.1
Project("{9A19103F-16F7-4668-BE54-9A1E7A4F7556}") = "Core", "src\Core.csproj", "{66B1B906-AE63-4950-8F6F-A5EE6727278E}"
EndProject
Project("{2150E333-8FDC-42A3-9474-1A3956D46DE8}") = "Solution Items", "Solution Items", "{8B814C60-09D2-4DB3-9590-F7CC59F4D6B6}"
	ProjectSection(SolutionItems) = preProject
		.editorconfig = .editorconfig
	EndProjectSection
EndProject
Project("{FAE04EC0-301F-11D3-BF4B-00C04F79EFBC}") = "Tests", "tests\Tests.csproj", "{D6CDBB16-B3BD-4335-AF46-F439933DCA18}"
EndProject
Project("{FAE04EC0-301F-11D3-BF4B-00C04F79EFBC}") = "Scratch", "scratch\Scratch.csproj", "{B78A22B7-BFAA-41CB-AC24-52564E08AB23}"
EndProject
Project("{FAE04EC0-301F-11D3-BF4B-00C04F79EFBC}") = "Benchmarks", "benchmarks\Benchmarks.csproj", "{947790F3-DE84-458E-BB78-867AD4F31EAA}"
EndProject
Global
	GlobalSection(SolutionConfigurationPlatforms) = preSolution
		Debug|Any CPU = Debug|Any CPU
		Release|Any CPU = Release|Any CPU
	EndGlobalSection
	GlobalSection(ProjectConfigurationPlatforms) = postSolution
		{66B1B906-AE63-4950-8F6F-A5EE6727278E}.Debug|Any CPU.ActiveCfg = Debug|Any CPU
		{66B1B906-AE63-4950-8F6F-A5EE6727278E}.Debug|Any CPU.Build.0 = Debug|Any CPU
		{66B1B906-AE63-4950-8F6F-A5EE6727278E}.Release|Any CPU.ActiveCfg = Release|Any CPU
		{66B1B906-AE63-4950-8F6F-A5EE6727278E}.Release|Any CPU.Build.0 = Release|Any CPU
		{D6CDBB16-B3BD-4335-AF46-F439933DCA18}.Debug|Any CPU.ActiveCfg = Debug|Any CPU
		{D6CDBB16-B3BD-4335-AF46-F439933DCA18}.Debug|Any CPU.Build.0 = Debug|Any CPU
		{D6CDBB16-B3BD-4335-AF46-F439933DCA18}.Release|Any CPU.ActiveCfg = Release|Any CPU
		{D6CDBB16-B3BD-4335-AF46-F439933DCA18}.Release|Any CPU.Build.0 = Release|Any CPU
		{B78A22B7-BFAA-41CB-AC24-52564E08AB23}.Debug|Any CPU.ActiveCfg = Debug|Any CPU
		{B78A22B7-BFAA-41CB-AC24-52564E08AB23}.Debug|Any CPU.Build.0 = Debug|Any CPU
		{B78A22B7-BFAA-41CB-AC24-52564E08AB23}.Release|Any CPU.ActiveCfg = Release|Any CPU
		{B78A22B7-BFAA-41CB-AC24-52564E08AB23}.Release|Any CPU.Build.0 = Release|Any CPU
		{947790F3-DE84-458E-BB78-867AD4F31EAA}.Debug|Any CPU.ActiveCfg = Debug|Any CPU
		{947790F3-DE84-458E-BB78-867AD4F31EAA}.Debug|Any CPU.Build.0 = Debug|Any CPU
		{947790F3-DE84-458E-BB78-867AD4F31EAA}.Release|Any CPU.ActiveCfg = Release|Any CPU
		{947790F3-DE84-458E-BB78-867AD4F31EAA}.Release|Any CPU.Build.0 = Release|Any CPU
	EndGlobalSection
	GlobalSection(SolutionProperties) = preSolution
		HideSolutionNode = FALSE
	EndGlobalSection
EndGlobal
