
Microsoft Visual Studio Solution File, Format Version 12.00
Project("{FAE04EC0-301F-11D3-BF4B-00C04F79EFBC}") = "ScrubJay.Core", "ScrubJay.Core\ScrubJay.Core.csproj", "{6C0F9EB2-C957-4504-9DE3-73DC6EDD07D3}"
EndProject
Project("{FAE04EC0-301F-11D3-BF4B-00C04F79EFBC}") = "ScrubJay.Core.Tests", "ScrubJay.Core.Tests\ScrubJay.Core.Tests.csproj", "{212E0221-83BC-4662-9C2C-D31CA064D86C}"
EndProject
Project("{FAE04EC0-301F-11D3-BF4B-00C04F79EFBC}") = "ScrubJay.Benchmarks", "ScrubJay.Benchmarks\ScrubJay.Benchmarks.csproj", "{B1C4CA9A-6C7A-4B65-8302-A8297991D431}"
EndProject
Project("{FAE04EC0-301F-11D3-BF4B-00C04F79EFBC}") = "ScrubJay.Core.ConsoleApp", "ScrubJay.Core.ConsoleApp\ScrubJay.Core.ConsoleApp.csproj", "{63E9DA24-675F-441D-BAC7-C830C49E5192}"
EndProject
Global
	GlobalSection(SolutionConfigurationPlatforms) = preSolution
		Debug|Any CPU = Debug|Any CPU
		Release|Any CPU = Release|Any CPU
	EndGlobalSection
	GlobalSection(ProjectConfigurationPlatforms) = postSolution
		{6C0F9EB2-C957-4504-9DE3-73DC6EDD07D3}.Debug|Any CPU.ActiveCfg = Debug|Any CPU
		{6C0F9EB2-C957-4504-9DE3-73DC6EDD07D3}.Debug|Any CPU.Build.0 = Debug|Any CPU
		{6C0F9EB2-C957-4504-9DE3-73DC6EDD07D3}.Release|Any CPU.ActiveCfg = Release|Any CPU
		{6C0F9EB2-C957-4504-9DE3-73DC6EDD07D3}.Release|Any CPU.Build.0 = Release|Any CPU
		{212E0221-83BC-4662-9C2C-D31CA064D86C}.Debug|Any CPU.ActiveCfg = Debug|Any CPU
		{212E0221-83BC-4662-9C2C-D31CA064D86C}.Debug|Any CPU.Build.0 = Debug|Any CPU
		{212E0221-83BC-4662-9C2C-D31CA064D86C}.Release|Any CPU.ActiveCfg = Release|Any CPU
		{212E0221-83BC-4662-9C2C-D31CA064D86C}.Release|Any CPU.Build.0 = Release|Any CPU
		{B1C4CA9A-6C7A-4B65-8302-A8297991D431}.Debug|Any CPU.ActiveCfg = Debug|Any CPU
		{B1C4CA9A-6C7A-4B65-8302-A8297991D431}.Debug|Any CPU.Build.0 = Debug|Any CPU
		{B1C4CA9A-6C7A-4B65-8302-A8297991D431}.Release|Any CPU.ActiveCfg = Release|Any CPU
		{B1C4CA9A-6C7A-4B65-8302-A8297991D431}.Release|Any CPU.Build.0 = Release|Any CPU
		{63E9DA24-675F-441D-BAC7-C830C49E5192}.Debug|Any CPU.ActiveCfg = Debug|Any CPU
		{63E9DA24-675F-441D-BAC7-C830C49E5192}.Debug|Any CPU.Build.0 = Debug|Any CPU
		{63E9DA24-675F-441D-BAC7-C830C49E5192}.Release|Any CPU.ActiveCfg = Release|Any CPU
		{63E9DA24-675F-441D-BAC7-C830C49E5192}.Release|Any CPU.Build.0 = Release|Any CPU
	EndGlobalSection
EndGlobal
